// !$*UTF8*$!
{
	archiveVersion = 1;
	classes = {
	};
	objectVersion = 50;
	objects = {

/* Begin PBXBuildFile section */
		9CA5E0FE25FE806E0006FECF /* AppDelegate.swift in Sources */ = {isa = PBXBuildFile; fileRef = 9CA5E0FD25FE806E0006FECF /* AppDelegate.swift */; };
		9CA5E10025FE806E0006FECF /* SceneDelegate.swift in Sources */ = {isa = PBXBuildFile; fileRef = 9CA5E0FF25FE806E0006FECF /* SceneDelegate.swift */; };
		9CA5E10225FE806E0006FECF /* ViewController.swift in Sources */ = {isa = PBXBuildFile; fileRef = 9CA5E10125FE806E0006FECF /* ViewController.swift */; };
		9CA5E10525FE806E0006FECF /* Main.storyboard in Resources */ = {isa = PBXBuildFile; fileRef = 9CA5E10325FE806E0006FECF /* Main.storyboard */; };
		9CA5E10725FE80700006FECF /* Assets.xcassets in Resources */ = {isa = PBXBuildFile; fileRef = 9CA5E10625FE80700006FECF /* Assets.xcassets */; };
		9CA5E10A25FE80700006FECF /* LaunchScreen.storyboard in Resources */ = {isa = PBXBuildFile; fileRef = 9CA5E10825FE80700006FECF /* LaunchScreen.storyboard */; };
		9CA5E11525FE80710006FECF /* ParstagramTests.swift in Sources */ = {isa = PBXBuildFile; fileRef = 9CA5E11425FE80710006FECF /* ParstagramTests.swift */; };
		9CA5E12025FE80710006FECF /* ParstagramUITests.swift in Sources */ = {isa = PBXBuildFile; fileRef = 9CA5E11F25FE80710006FECF /* ParstagramUITests.swift */; };
/* End PBXBuildFile section */

/* Begin PBXContainerItemProxy section */
		9CA5E11125FE80710006FECF /* PBXContainerItemProxy */ = {
			isa = PBXContainerItemProxy;
			containerPortal = 9CA5E0F225FE806E0006FECF /* Project object */;
			proxyType = 1;
			remoteGlobalIDString = 9CA5E0F925FE806E0006FECF;
			remoteInfo = Parstagram;
		};
		9CA5E11C25FE80710006FECF /* PBXContainerItemProxy */ = {
			isa = PBXContainerItemProxy;
			containerPortal = 9CA5E0F225FE806E0006FECF /* Project object */;
			proxyType = 1;
			remoteGlobalIDString = 9CA5E0F925FE806E0006FECF;
			remoteInfo = Parstagram;
		};
/* End PBXContainerItemProxy section */

/* Begin PBXFileReference section */
		9CA5E0FA25FE806E0006FECF /* Parstagram.app */ = {isa = PBXFileReference; explicitFileType = wrapper.application; includeInIndex = 0; path = Parstagram.app; sourceTree = BUILT_PRODUCTS_DIR; };
		9CA5E0FD25FE806E0006FECF /* AppDelegate.swift */ = {isa = PBXFileReference; lastKnownFileType = sourcecode.swift; path = AppDelegate.swift; sourceTree = "<group>"; };
		9CA5E0FF25FE806E0006FECF /* SceneDelegate.swift */ = {isa = PBXFileReference; lastKnownFileType = sourcecode.swift; path = SceneDelegate.swift; sourceTree = "<group>"; };
		9CA5E10125FE806E0006FECF /* ViewController.swift */ = {isa = PBXFileReference; lastKnownFileType = sourcecode.swift; path = ViewController.swift; sourceTree = "<group>"; };
		9CA5E10425FE806E0006FECF /* Base */ = {isa = PBXFileReference; lastKnownFileType = file.storyboard; name = Base; path = Base.lproj/Main.storyboard; sourceTree = "<group>"; };
		9CA5E10625FE80700006FECF /* Assets.xcassets */ = {isa = PBXFileReference; lastKnownFileType = folder.assetcatalog; path = Assets.xcassets; sourceTree = "<group>"; };
		9CA5E10925FE80700006FECF /* Base */ = {isa = PBXFileReference; lastKnownFileType = file.storyboard; name = Base; path = Base.lproj/LaunchScreen.storyboard; sourceTree = "<group>"; };
		9CA5E10B25FE80710006FECF /* Info.plist */ = {isa = PBXFileReference; lastKnownFileType = text.plist.xml; path = Info.plist; sourceTree = "<group>"; };
		9CA5E11025FE80710006FECF /* ParstagramTests.xctest */ = {isa = PBXFileReference; explicitFileType = wrapper.cfbundle; includeInIndex = 0; path = ParstagramTests.xctest; sourceTree = BUILT_PRODUCTS_DIR; };
		9CA5E11425FE80710006FECF /* ParstagramTests.swift */ = {isa = PBXFileReference; lastKnownFileType = sourcecode.swift; path = ParstagramTests.swift; sourceTree = "<group>"; };
		9CA5E11625FE80710006FECF /* Info.plist */ = {isa = PBXFileReference; lastKnownFileType = text.plist.xml; path = Info.plist; sourceTree = "<group>"; };
		9CA5E11B25FE80710006FECF /* ParstagramUITests.xctest */ = {isa = PBXFileReference; explicitFileType = wrapper.cfbundle; includeInIndex = 0; path = ParstagramUITests.xctest; sourceTree = BUILT_PRODUCTS_DIR; };
		9CA5E11F25FE80710006FECF /* ParstagramUITests.swift */ = {isa = PBXFileReference; lastKnownFileType = sourcecode.swift; path = ParstagramUITests.swift; sourceTree = "<group>"; };
		9CA5E12125FE80710006FECF /* Info.plist */ = {isa = PBXFileReference; lastKnownFileType = text.plist.xml; path = Info.plist; sourceTree = "<group>"; };
/* End PBXFileReference section */

/* Begin PBXFrameworksBuildPhase section */
		9CA5E0F725FE806E0006FECF /* Frameworks */ = {
			isa = PBXFrameworksBuildPhase;
			buildActionMask = 2147483647;
			files = (
			);
			runOnlyForDeploymentPostprocessing = 0;
		};
		9CA5E10D25FE80710006FECF /* Frameworks */ = {
			isa = PBXFrameworksBuildPhase;
			buildActionMask = 2147483647;
			files = (
			);
			runOnlyForDeploymentPostprocessing = 0;
		};
		9CA5E11825FE80710006FECF /* Frameworks */ = {
			isa = PBXFrameworksBuildPhase;
			buildActionMask = 2147483647;
			files = (
			);
			runOnlyForDeploymentPostprocessing = 0;
		};
/* End PBXFrameworksBuildPhase section */

/* Begin PBXGroup section */
		9CA5E0F125FE806E0006FECF = {
			isa = PBXGroup;
			children = (
				9CA5E0FC25FE806E0006FECF /* Parstagram */,
				9CA5E11325FE80710006FECF /* ParstagramTests */,
				9CA5E11E25FE80710006FECF /* ParstagramUITests */,
				9CA5E0FB25FE806E0006FECF /* Products */,
			);
			sourceTree = "<group>";
		};
		9CA5E0FB25FE806E0006FECF /* Products */ = {
			isa = PBXGroup;
			children = (
				9CA5E0FA25FE806E0006FECF /* Parstagram.app */,
				9CA5E11025FE80710006FECF /* ParstagramTests.xctest */,
				9CA5E11B25FE80710006FECF /* ParstagramUITests.xctest */,
			);
			name = Products;
			sourceTree = "<group>";
		};
		9CA5E0FC25FE806E0006FECF /* Parstagram */ = {
			isa = PBXGroup;
			children = (
				9CA5E0FD25FE806E0006FECF /* AppDelegate.swift */,
				9CA5E0FF25FE806E0006FECF /* SceneDelegate.swift */,
				9CA5E10125FE806E0006FECF /* ViewController.swift */,
				9CA5E10325FE806E0006FECF /* Main.storyboard */,
				9CA5E10625FE80700006FECF /* Assets.xcassets */,
				9CA5E10825FE80700006FECF /* LaunchScreen.storyboard */,
				9CA5E10B25FE80710006FECF /* Info.plist */,
			);
			path = Parstagram;
			sourceTree = "<group>";
		};
		9CA5E11325FE80710006FECF /* ParstagramTests */ = {
			isa = PBXGroup;
			children = (
				9CA5E11425FE80710006FECF /* ParstagramTests.swift */,
				9CA5E11625FE80710006FECF /* Info.plist */,
			);
			path = ParstagramTests;
			sourceTree = "<group>";
		};
		9CA5E11E25FE80710006FECF /* ParstagramUITests */ = {
			isa = PBXGroup;
			children = (
				9CA5E11F25FE80710006FECF /* ParstagramUITests.swift */,
				9CA5E12125FE80710006FECF /* Info.plist */,
			);
			path = ParstagramUITests;
			sourceTree = "<group>";
		};
/* End PBXGroup section */

/* Begin PBXNativeTarget section */
		9CA5E0F925FE806E0006FECF /* Parstagram */ = {
			isa = PBXNativeTarget;
			buildConfigurationList = 9CA5E12425FE80710006FECF /* Build configuration list for PBXNativeTarget "Parstagram" */;
			buildPhases = (
				9CA5E0F625FE806E0006FECF /* Sources */,
				9CA5E0F725FE806E0006FECF /* Frameworks */,
				9CA5E0F825FE806E0006FECF /* Resources */,
			);
			buildRules = (
			);
			dependencies = (
			);
			name = Parstagram;
			productName = Parstagram;
			productReference = 9CA5E0FA25FE806E0006FECF /* Parstagram.app */;
			productType = "com.apple.product-type.application";
		};
		9CA5E10F25FE80710006FECF /* ParstagramTests */ = {
			isa = PBXNativeTarget;
			buildConfigurationList = 9CA5E12725FE80710006FECF /* Build configuration list for PBXNativeTarget "ParstagramTests" */;
			buildPhases = (
				9CA5E10C25FE80710006FECF /* Sources */,
				9CA5E10D25FE80710006FECF /* Frameworks */,
				9CA5E10E25FE80710006FECF /* Resources */,
			);
			buildRules = (
			);
			dependencies = (
				9CA5E11225FE80710006FECF /* PBXTargetDependency */,
			);
			name = ParstagramTests;
			productName = ParstagramTests;
			productReference = 9CA5E11025FE80710006FECF /* ParstagramTests.xctest */;
			productType = "com.apple.product-type.bundle.unit-test";
		};
		9CA5E11A25FE80710006FECF /* ParstagramUITests */ = {
			isa = PBXNativeTarget;
			buildConfigurationList = 9CA5E12A25FE80710006FECF /* Build configuration list for PBXNativeTarget "ParstagramUITests" */;
			buildPhases = (
				9CA5E11725FE80710006FECF /* Sources */,
				9CA5E11825FE80710006FECF /* Frameworks */,
				9CA5E11925FE80710006FECF /* Resources */,
			);
			buildRules = (
			);
			dependencies = (
				9CA5E11D25FE80710006FECF /* PBXTargetDependency */,
			);
			name = ParstagramUITests;
			productName = ParstagramUITests;
			productReference = 9CA5E11B25FE80710006FECF /* ParstagramUITests.xctest */;
			productType = "com.apple.product-type.bundle.ui-testing";
		};
/* End PBXNativeTarget section */

/* Begin PBXProject section */
		9CA5E0F225FE806E0006FECF /* Project object */ = {
			isa = PBXProject;
			attributes = {
				LastSwiftUpdateCheck = 1240;
				LastUpgradeCheck = 1240;
				TargetAttributes = {
					9CA5E0F925FE806E0006FECF = {
						CreatedOnToolsVersion = 12.4;
					};
					9CA5E10F25FE80710006FECF = {
						CreatedOnToolsVersion = 12.4;
						TestTargetID = 9CA5E0F925FE806E0006FECF;
					};
					9CA5E11A25FE80710006FECF = {
						CreatedOnToolsVersion = 12.4;
						TestTargetID = 9CA5E0F925FE806E0006FECF;
					};
				};
			};
			buildConfigurationList = 9CA5E0F525FE806E0006FECF /* Build configuration list for PBXProject "Parstagram" */;
			compatibilityVersion = "Xcode 9.3";
			developmentRegion = en;
			hasScannedForEncodings = 0;
			knownRegions = (
				en,
				Base,
			);
			mainGroup = 9CA5E0F125FE806E0006FECF;
			productRefGroup = 9CA5E0FB25FE806E0006FECF /* Products */;
			projectDirPath = "";
			projectRoot = "";
			targets = (
				9CA5E0F925FE806E0006FECF /* Parstagram */,
				9CA5E10F25FE80710006FECF /* ParstagramTests */,
				9CA5E11A25FE80710006FECF /* ParstagramUITests */,
			);
		};
/* End PBXProject section */

/* Begin PBXResourcesBuildPhase section */
		9CA5E0F825FE806E0006FECF /* Resources */ = {
			isa = PBXResourcesBuildPhase;
			buildActionMask = 2147483647;
			files = (
				9CA5E10A25FE80700006FECF /* LaunchScreen.storyboard in Resources */,
				9CA5E10725FE80700006FECF /* Assets.xcassets in Resources */,
				9CA5E10525FE806E0006FECF /* Main.storyboard in Resources */,
			);
			runOnlyForDeploymentPostprocessing = 0;
		};
		9CA5E10E25FE80710006FECF /* Resources */ = {
			isa = PBXResourcesBuildPhase;
			buildActionMask = 2147483647;
			files = (
			);
			runOnlyForDeploymentPostprocessing = 0;
		};
		9CA5E11925FE80710006FECF /* Resources */ = {
			isa = PBXResourcesBuildPhase;
			buildActionMask = 2147483647;
			files = (
			);
			runOnlyForDeploymentPostprocessing = 0;
		};
/* End PBXResourcesBuildPhase section */

/* Begin PBXSourcesBuildPhase section */
		9CA5E0F625FE806E0006FECF /* Sources */ = {
			isa = PBXSourcesBuildPhase;
			buildActionMask = 2147483647;
			files = (
				9CA5E10225FE806E0006FECF /* ViewController.swift in Sources */,
				9CA5E0FE25FE806E0006FECF /* AppDelegate.swift in Sources */,
				9CA5E10025FE806E0006FECF /* SceneDelegate.swift in Sources */,
			);
			runOnlyForDeploymentPostprocessing = 0;
		};
		9CA5E10C25FE80710006FECF /* Sources */ = {
			isa = PBXSourcesBuildPhase;
			buildActionMask = 2147483647;
			files = (
				9CA5E11525FE80710006FECF /* ParstagramTests.swift in Sources */,
			);
			runOnlyForDeploymentPostprocessing = 0;
		};
		9CA5E11725FE80710006FECF /* Sources */ = {
			isa = PBXSourcesBuildPhase;
			buildActionMask = 2147483647;
			files = (
				9CA5E12025FE80710006FECF /* ParstagramUITests.swift in Sources */,
			);
			runOnlyForDeploymentPostprocessing = 0;
		};
/* End PBXSourcesBuildPhase section */

/* Begin PBXTargetDependency section */
		9CA5E11225FE80710006FECF /* PBXTargetDependency */ = {
			isa = PBXTargetDependency;
			target = 9CA5E0F925FE806E0006FECF /* Parstagram */;
			targetProxy = 9CA5E11125FE80710006FECF /* PBXContainerItemProxy */;
		};
		9CA5E11D25FE80710006FECF /* PBXTargetDependency */ = {
			isa = PBXTargetDependency;
			target = 9CA5E0F925FE806E0006FECF /* Parstagram */;
			targetProxy = 9CA5E11C25FE80710006FECF /* PBXContainerItemProxy */;
		};
/* End PBXTargetDependency section */

/* Begin PBXVariantGroup section */
		9CA5E10325FE806E0006FECF /* Main.storyboard */ = {
			isa = PBXVariantGroup;
			children = (
				9CA5E10425FE806E0006FECF /* Base */,
			);
			name = Main.storyboard;
			sourceTree = "<group>";
		};
		9CA5E10825FE80700006FECF /* LaunchScreen.storyboard */ = {
			isa = PBXVariantGroup;
			children = (
				9CA5E10925FE80700006FECF /* Base */,
			);
			name = LaunchScreen.storyboard;
			sourceTree = "<group>";
		};
/* End PBXVariantGroup section */

/* Begin XCBuildConfiguration section */
		9CA5E12225FE80710006FECF /* Debug */ = {
			isa = XCBuildConfiguration;
			buildSettings = {
				ALWAYS_SEARCH_USER_PATHS = NO;
				CLANG_ANALYZER_NONNULL = YES;
				CLANG_ANALYZER_NUMBER_OBJECT_CONVERSION = YES_AGGRESSIVE;
				CLANG_CXX_LANGUAGE_STANDARD = "gnu++14";
				CLANG_CXX_LIBRARY = "libc++";
				CLANG_ENABLE_MODULES = YES;
				CLANG_ENABLE_OBJC_ARC = YES;
				CLANG_ENABLE_OBJC_WEAK = YES;
				CLANG_WARN_BLOCK_CAPTURE_AUTORELEASING = YES;
				CLANG_WARN_BOOL_CONVERSION = YES;
				CLANG_WARN_COMMA = YES;
				CLANG_WARN_CONSTANT_CONVERSION = YES;
				CLANG_WARN_DEPRECATED_OBJC_IMPLEMENTATIONS = YES;
				CLANG_WARN_DIRECT_OBJC_ISA_USAGE = YES_ERROR;
				CLANG_WARN_DOCUMENTATION_COMMENTS = YES;
				CLANG_WARN_EMPTY_BODY = YES;
				CLANG_WARN_ENUM_CONVERSION = YES;
				CLANG_WARN_INFINITE_RECURSION = YES;
				CLANG_WARN_INT_CONVERSION = YES;
				CLANG_WARN_NON_LITERAL_NULL_CONVERSION = YES;
				CLANG_WARN_OBJC_IMPLICIT_RETAIN_SELF = YES;
				CLANG_WARN_OBJC_LITERAL_CONVERSION = YES;
				CLANG_WARN_OBJC_ROOT_CLASS = YES_ERROR;
				CLANG_WARN_QUOTED_INCLUDE_IN_FRAMEWORK_HEADER = YES;
				CLANG_WARN_RANGE_LOOP_ANALYSIS = YES;
				CLANG_WARN_STRICT_PROTOTYPES = YES;
				CLANG_WARN_SUSPICIOUS_MOVE = YES;
				CLANG_WARN_UNGUARDED_AVAILABILITY = YES_AGGRESSIVE;
				CLANG_WARN_UNREACHABLE_CODE = YES;
				CLANG_WARN__DUPLICATE_METHOD_MATCH = YES;
				COPY_PHASE_STRIP = NO;
				DEBUG_INFORMATION_FORMAT = dwarf;
				ENABLE_STRICT_OBJC_MSGSEND = YES;
				ENABLE_TESTABILITY = YES;
				GCC_C_LANGUAGE_STANDARD = gnu11;
				GCC_DYNAMIC_NO_PIC = NO;
				GCC_NO_COMMON_BLOCKS = YES;
				GCC_OPTIMIZATION_LEVEL = 0;
				GCC_PREPROCESSOR_DEFINITIONS = (
					"DEBUG=1",
					"$(inherited)",
				);
				GCC_WARN_64_TO_32_BIT_CONVERSION = YES;
				GCC_WARN_ABOUT_RETURN_TYPE = YES_ERROR;
				GCC_WARN_UNDECLARED_SELECTOR = YES;
				GCC_WARN_UNINITIALIZED_AUTOS = YES_AGGRESSIVE;
				GCC_WARN_UNUSED_FUNCTION = YES;
				GCC_WARN_UNUSED_VARIABLE = YES;
				IPHONEOS_DEPLOYMENT_TARGET = 14.4;
				MTL_ENABLE_DEBUG_INFO = INCLUDE_SOURCE;
				MTL_FAST_MATH = YES;
				ONLY_ACTIVE_ARCH = YES;
				SDKROOT = iphoneos;
				SWIFT_ACTIVE_COMPILATION_CONDITIONS = DEBUG;
				SWIFT_OPTIMIZATION_LEVEL = "-Onone";
			};
			name = Debug;
		};
		9CA5E12325FE80710006FECF /* Release */ = {
			isa = XCBuildConfiguration;
			buildSettings = {
				ALWAYS_SEARCH_USER_PATHS = NO;
				CLANG_ANALYZER_NONNULL = YES;
				CLANG_ANALYZER_NUMBER_OBJECT_CONVERSION = YES_AGGRESSIVE;
				CLANG_CXX_LANGUAGE_STANDARD = "gnu++14";
				CLANG_CXX_LIBRARY = "libc++";
				CLANG_ENABLE_MODULES = YES;
				CLANG_ENABLE_OBJC_ARC = YES;
				CLANG_ENABLE_OBJC_WEAK = YES;
				CLANG_WARN_BLOCK_CAPTURE_AUTORELEASING = YES;
				CLANG_WARN_BOOL_CONVERSION = YES;
				CLANG_WARN_COMMA = YES;
				CLANG_WARN_CONSTANT_CONVERSION = YES;
				CLANG_WARN_DEPRECATED_OBJC_IMPLEMENTATIONS = YES;
				CLANG_WARN_DIRECT_OBJC_ISA_USAGE = YES_ERROR;
				CLANG_WARN_DOCUMENTATION_COMMENTS = YES;
				CLANG_WARN_EMPTY_BODY = YES;
				CLANG_WARN_ENUM_CONVERSION = YES;
				CLANG_WARN_INFINITE_RECURSION = YES;
				CLANG_WARN_INT_CONVERSION = YES;
				CLANG_WARN_NON_LITERAL_NULL_CONVERSION = YES;
				CLANG_WARN_OBJC_IMPLICIT_RETAIN_SELF = YES;
				CLANG_WARN_OBJC_LITERAL_CONVERSION = YES;
				CLANG_WARN_OBJC_ROOT_CLASS = YES_ERROR;
				CLANG_WARN_QUOTED_INCLUDE_IN_FRAMEWORK_HEADER = YES;
				CLANG_WARN_RANGE_LOOP_ANALYSIS = YES;
				CLANG_WARN_STRICT_PROTOTYPES = YES;
				CLANG_WARN_SUSPICIOUS_MOVE = YES;
				CLANG_WARN_UNGUARDED_AVAILABILITY = YES_AGGRESSIVE;
				CLANG_WARN_UNREACHABLE_CODE = YES;
				CLANG_WARN__DUPLICATE_METHOD_MATCH = YES;
				COPY_PHASE_STRIP = NO;
				DEBUG_INFORMATION_FORMAT = "dwarf-with-dsym";
				ENABLE_NS_ASSERTIONS = NO;
				ENABLE_STRICT_OBJC_MSGSEND = YES;
				GCC_C_LANGUAGE_STANDARD = gnu11;
				GCC_NO_COMMON_BLOCKS = YES;
				GCC_WARN_64_TO_32_BIT_CONVERSION = YES;
				GCC_WARN_ABOUT_RETURN_TYPE = YES_ERROR;
				GCC_WARN_UNDECLARED_SELECTOR = YES;
				GCC_WARN_UNINITIALIZED_AUTOS = YES_AGGRESSIVE;
				GCC_WARN_UNUSED_FUNCTION = YES;
				GCC_WARN_UNUSED_VARIABLE = YES;
				IPHONEOS_DEPLOYMENT_TARGET = 14.4;
				MTL_ENABLE_DEBUG_INFO = NO;
				MTL_FAST_MATH = YES;
				SDKROOT = iphoneos;
				SWIFT_COMPILATION_MODE = wholemodule;
				SWIFT_OPTIMIZATION_LEVEL = "-O";
				VALIDATE_PRODUCT = YES;
			};
			name = Release;
		};
		9CA5E12525FE80710006FECF /* Debug */ = {
			isa = XCBuildConfiguration;
			buildSettings = {
				ASSETCATALOG_COMPILER_APPICON_NAME = AppIcon;
				ASSETCATALOG_COMPILER_GLOBAL_ACCENT_COLOR_NAME = AccentColor;
				CODE_SIGN_STYLE = Automatic;
				DEVELOPMENT_TEAM = Q98J5T49DG;
				INFOPLIST_FILE = Parstagram/Info.plist;
				LD_RUNPATH_SEARCH_PATHS = (
					"$(inherited)",
					"@executable_path/Frameworks",
				);
				PRODUCT_BUNDLE_IDENTIFIER = "alexis.rojaswestall-gmail.com.Parstagram";
				PRODUCT_NAME = "$(TARGET_NAME)";
				SWIFT_VERSION = 5.0;
				TARGETED_DEVICE_FAMILY = "1,2";
			};
			name = Debug;
		};
		9CA5E12625FE80710006FECF /* Release */ = {
			isa = XCBuildConfiguration;
			buildSettings = {
				ASSETCATALOG_COMPILER_APPICON_NAME = AppIcon;
				ASSETCATALOG_COMPILER_GLOBAL_ACCENT_COLOR_NAME = AccentColor;
				CODE_SIGN_STYLE = Automatic;
				DEVELOPMENT_TEAM = Q98J5T49DG;
				INFOPLIST_FILE = Parstagram/Info.plist;
				LD_RUNPATH_SEARCH_PATHS = (
					"$(inherited)",
					"@executable_path/Frameworks",
				);
				PRODUCT_BUNDLE_IDENTIFIER = "alexis.rojaswestall-gmail.com.Parstagram";
				PRODUCT_NAME = "$(TARGET_NAME)";
				SWIFT_VERSION = 5.0;
				TARGETED_DEVICE_FAMILY = "1,2";
			};
			name = Release;
		};
		9CA5E12825FE80710006FECF /* Debug */ = {
			isa = XCBuildConfiguration;
			buildSettings = {
				ALWAYS_EMBED_SWIFT_STANDARD_LIBRARIES = YES;
				BUNDLE_LOADER = "$(TEST_HOST)";
				CODE_SIGN_STYLE = Automatic;
				DEVELOPMENT_TEAM = Q98J5T49DG;
				INFOPLIST_FILE = ParstagramTests/Info.plist;
				IPHONEOS_DEPLOYMENT_TARGET = 14.4;
				LD_RUNPATH_SEARCH_PATHS = (
					"$(inherited)",
					"@executable_path/Frameworks",
					"@loader_path/Frameworks",
				);
				PRODUCT_BUNDLE_IDENTIFIER = "alexis.rojaswestall-gmail.com.ParstagramTests";
				PRODUCT_NAME = "$(TARGET_NAME)";
				SWIFT_VERSION = 5.0;
				TARGETED_DEVICE_FAMILY = "1,2";
				TEST_HOST = "$(BUILT_PRODUCTS_DIR)/Parstagram.app/Parstagram";
			};
			name = Debug;
		};
		9CA5E12925FE80710006FECF /* Release */ = {
			isa = XCBuildConfiguration;
			buildSettings = {
				ALWAYS_EMBED_SWIFT_STANDARD_LIBRARIES = YES;
				BUNDLE_LOADER = "$(TEST_HOST)";
				CODE_SIGN_STYLE = Automatic;
				DEVELOPMENT_TEAM = Q98J5T49DG;
				INFOPLIST_FILE = ParstagramTests/Info.plist;
				IPHONEOS_DEPLOYMENT_TARGET = 14.4;
				LD_RUNPATH_SEARCH_PATHS = (
					"$(inherited)",
					"@executable_path/Frameworks",
					"@loader_path/Frameworks",
				);
				PRODUCT_BUNDLE_IDENTIFIER = "alexis.rojaswestall-gmail.com.ParstagramTests";
				PRODUCT_NAME = "$(TARGET_NAME)";
				SWIFT_VERSION = 5.0;
				TARGETED_DEVICE_FAMILY = "1,2";
				TEST_HOST = "$(BUILT_PRODUCTS_DIR)/Parstagram.app/Parstagram";
			};
			name = Release;
		};
		9CA5E12B25FE80710006FECF /* Debug */ = {
			isa = XCBuildConfiguration;
			buildSettings = {
				ALWAYS_EMBED_SWIFT_STANDARD_LIBRARIES = YES;
				CODE_SIGN_STYLE = Automatic;
				DEVELOPMENT_TEAM = Q98J5T49DG;
				INFOPLIST_FILE = ParstagramUITests/Info.plist;
				LD_RUNPATH_SEARCH_PATHS = (
					"$(inherited)",
					"@executable_path/Frameworks",
					"@loader_path/Frameworks",
				);
				PRODUCT_BUNDLE_IDENTIFIER = "alexis.rojaswestall-gmail.com.ParstagramUITests";
				PRODUCT_NAME = "$(TARGET_NAME)";
				SWIFT_VERSION = 5.0;
				TARGETED_DEVICE_FAMILY = "1,2";
				TEST_TARGET_NAME = Parstagram;
			};
			name = Debug;
		};
		9CA5E12C25FE80710006FECF /* Release */ = {
			isa = XCBuildConfiguration;
			buildSettings = {
				ALWAYS_EMBED_SWIFT_STANDARD_LIBRARIES = YES;
				CODE_SIGN_STYLE = Automatic;
				DEVELOPMENT_TEAM = Q98J5T49DG;
				INFOPLIST_FILE = ParstagramUITests/Info.plist;
				LD_RUNPATH_SEARCH_PATHS = (
					"$(inherited)",
					"@executable_path/Frameworks",
					"@loader_path/Frameworks",
				);
				PRODUCT_BUNDLE_IDENTIFIER = "alexis.rojaswestall-gmail.com.ParstagramUITests";
				PRODUCT_NAME = "$(TARGET_NAME)";
				SWIFT_VERSION = 5.0;
				TARGETED_DEVICE_FAMILY = "1,2";
				TEST_TARGET_NAME = Parstagram;
			};
			name = Release;
		};
/* End XCBuildConfiguration section */

/* Begin XCConfigurationList section */
		9CA5E0F525FE806E0006FECF /* Build configuration list for PBXProject "Parstagram" */ = {
			isa = XCConfigurationList;
			buildConfigurations = (
				9CA5E12225FE80710006FECF /* Debug */,
				9CA5E12325FE80710006FECF /* Release */,
			);
			defaultConfigurationIsVisible = 0;
			defaultConfigurationName = Release;
		};
		9CA5E12425FE80710006FECF /* Build configuration list for PBXNativeTarget "Parstagram" */ = {
			isa = XCConfigurationList;
			buildConfigurations = (
				9CA5E12525FE80710006FECF /* Debug */,
				9CA5E12625FE80710006FECF /* Release */,
			);
			defaultConfigurationIsVisible = 0;
			defaultConfigurationName = Release;
		};
		9CA5E12725FE80710006FECF /* Build configuration list for PBXNativeTarget "ParstagramTests" */ = {
			isa = XCConfigurationList;
			buildConfigurations = (
				9CA5E12825FE80710006FECF /* Debug */,
				9CA5E12925FE80710006FECF /* Release */,
			);
			defaultConfigurationIsVisible = 0;
			defaultConfigurationName = Release;
		};
		9CA5E12A25FE80710006FECF /* Build configuration list for PBXNativeTarget "ParstagramUITests" */ = {
			isa = XCConfigurationList;
			buildConfigurations = (
				9CA5E12B25FE80710006FECF /* Debug */,
				9CA5E12C25FE80710006FECF /* Release */,
			);
			defaultConfigurationIsVisible = 0;
			defaultConfigurationName = Release;
		};
/* End XCConfigurationList section */
	};
	rootObject = 9CA5E0F225FE806E0006FECF /* Project object */;
}
